github.com/Masterminds/semver/v3 v3.5.0 h1:kQceYJfbupGfZOKZQg0kou0DgAKhzDg2NZPAwZ/2OOE=
github.com/Masterminds/semver/v3 v3.5.0/go.mod h1:4V+yj/TJE1HU9XfppCwVMZq3I84lprf4nC11bSS5beM=
github.com/bahlo/generic-list-go v0.2.0 h1:5sz/EEAK+ls5wF+NeqDpk5+iNdMDXrh3z3nPnH1Wvgk=
github.com/bahlo/generic-list-go v0.2.0/go.mod h1:2KvAjgMlE5NNynlg/5iLrrCCZ2+5xWbdbCW3pNTGyYg=
github.com/buger/jsonparser v1.2.0 h1:4EFcvK1kD4jyj6YqNK6skK6w+y7FHHBR+XBCtxwu/6g=
github.com/buger/jsonparser v1.2.0/go.mod h1:6RYKKt7H4d4+iWqouImQ9R2FZql3VbhNgx27UK13J/0=
github.com/cyberphone/json-canonicalization v0.0.0-20241213102144-19d51d7fe467 h1:uX1JmpONuD549D73r6cgnxyUu18Zb7yHAy5AYU0Pm4Q=
github.com/cyberphone/json-canonicalization v0.0.0-20241213102144-19d51d7fe467/go.mod h1:uzvlm1mxhHkdfqitSA92i7Se+S9ksOn3a3qmv/kyOCw=
github.com/davecgh/go-spew v1.1.2-0.20180830191138-d8f796af33cc h1:U9qPSI2PIWSS1VwoXQT9A3Wy9MM3WgvqSxFWenqJduM=
github.com/davecgh/go-spew v1.1.2-0.20180830191138-d8f796af33cc/go.mod h1:J7Y8YcW2NihsgmVo/mv3lAwl/skON4iLHjSsI+c5H38=
github.com/dlclark/regexp2 v1.12.0 h1:0j4c5qQmnC6XOWNjP3PIXURXN2gWx76rd3KvgdPkCz8=
github.com/dlclark/regexp2 v1.12.0/go.mod h1:DHkYz0B9wPfa6wondMfaivmHpzrQ3v9q8cnmRbL6yW8=
github.com/go-logr/logr v1.4.3 h1:CjnDlHq8ikf6E492q6eKboGOC0T8CDaOvkHCIg8idEI=
github.com/go-logr/logr v1.4.3/go.mod h1:9T104GzyrTigFIr8wt5mBrctHMim0Nb2HLGrmQ40KvY=
github.com/google/go-cmp v0.7.0 h1:wk8382ETsv4JYUZwIsn6YpYiWiBsYLSJiTsyBybVuN8=
github.com/google/go-cmp v0.7.0/go.mod h1:pXiqmnSA92OHEEa9HXL2W4E7lf9JzCmGVUdgjX3N/iU=
github.com/invopop/jsonschema v0.14.0 h1:MHQqLhvpNUZfw+hM3AZDYK7jxO8FZoQeQM77g8iyZjg=
github.com/invopop/jsonschema v0.14.0/go.mod h1:ygm6C2EaVNMBDPpaPlnOA2pFAxBnxGjFlMZABxm9n2I=
github.com/kr/pretty v0.3.1 h1:flRD4NNwYAUpkphVc1HcthR4KEIFJ65n8Mw5qdRn3LE=
github.com/kr/pretty v0.3.1/go.mod h1:hoEshYVHaxMs3cyo3Yncou5ZscifuDolrwPKZanG3xk=
github.com/kr/text v0.2.0 h1:5Nx0Ya0ZqY2ygV366QzturHI13Jq95ApcVaJBhpS+AY=
github.com/kr/text v0.2.0/go.mod h1:eLer722TekiGuMkidMxC/pM04lWEeraHUUmBw8l2grE=
github.com/nlepage/go-tarfs v1.2.1 h1:o37+JPA+ajllGKSPfy5+YpsNHDjZnAoyfvf5GsUa+Ks=
github.com/nlepage/go-tarfs v1.2.1/go.mod h1:rno18mpMy9aEH1IiJVftFsqPyIpwqSUiAOpJYjlV2NA=
github.com/opencontainers/go-digest v1.0.0 h1:apOUWs51W5PlhuyGyz9FCeeBIOUDA/6nW8Oi/yOhh5U=
github.com/opencontainers/go-digest v1.0.0/go.mod h1:0JzlMkj0TRzQZfJkVvzbP0HBR3IKzErnv2BNG4W4MAM=
github.com/opencontainers/image-spec v1.1.1 h1:y0fUlFfIZhPF1W537XOLg0/fcx6zcHCJwooC2xJA040=
github.com/opencontainers/image-spec v1.1.1/go.mod h1:qpqAh3Dmcf36wStyyWU+kCeDgrGnAve2nCC8+7h8Q0M=
github.com/pb33f/ordered-map/v2 v2.3.1 h1:5319HDO0aw4DA4gzi+zv4FXU9UlSs3xGZ40wcP1nBjY=
github.com/pb33f/ordered-map/v2 v2.3.1/go.mod h1:qxFQgd0PkVUtOMCkTapqotNgzRhMPL7VvaHKbd1HnmQ=
github.com/pmezard/go-difflib v1.0.1-0.20181226105442-5d4384ee4fb2 h1:Jamvg5psRIccs7FGNTlIRMkT8wgtp5eCXdBlqhYGL6U=
github.com/pmezard/go-difflib v1.0.1-0.20181226105442-5d4384ee4fb2/go.mod h1:iKH77koFhYxTK1pcRnkKkqfTogsbg7gZNVY4sRDYZ/4=
github.com/rogpeppe/go-internal v1.14.1 h1:UQB4HGPB6osV0SQTLymcB4TgvyWu6ZyliaW0tI/otEQ=
github.com/rogpeppe/go-internal v1.14.1/go.mod h1:MaRKkUm5W0goXpeCfT7UZI6fk/L7L7so1lCWt35ZSgc=
github.com/santhosh-tekuri/jsonschema/v6 v6.0.2 h1:KRzFb2m7YtdldCEkzs6KqmJw4nqEVZGK7IN2kJkjTuQ=
github.com/santhosh-tekuri/jsonschema/v6 v6.0.2/go.mod h1:JXeL+ps8p7/KNMjDQk3TCwPpBy0wYklyWTfbkIzdIFU=
github.com/stretchr/objx v0.5.3 h1:jmXUvGomnU1o3W/V5h2VEradbpJDwGrzugQQvL0POH4=
github.com/stretchr/objx v0.5.3/go.mod h1:rDQraq+vQZU7Fde9LOZLr8Tax6zZvy4kuNKF+QYS+U0=
github.com/stretchr/testify v1.11.1 h1:7s2iGBzp5EwR7/aIZr8ao5+dra3wiQyKjjFuvgVKu7U=
github.com/stretchr/testify v1.11.1/go.mod h1:wZwfW3scLgRK+23gO65QZefKpKQRnfz6sD981Nm4B6U=
github.com/veqryn/slog-context v0.9.0 h1:VNXHBWufRGfKiumi7cYoh7p2iElquZ4v8AnAumFOhEI=
github.com/veqryn/slog-context v0.9.0/go.mod h1:l953waOLsWW6hArZeJDGGKZYLrsOIPBeJ/QQnOA8RU0=
go.yaml.in/yaml/v2 v2.4.4 h1:tuyd0P+2Ont/d6e2rl3be67goVK4R6deVxCUX5vyPaQ=
go.yaml.in/yaml/v2 v2.4.4/go.mod h1:gMZqIpDtDqOfM0uNfy0SkpRhvUryYH0Z6wdMYcacYXQ=
go.yaml.in/yaml/v3 v3.0.4 h1:tfq32ie2Jv2UxXFdLJdh3jXuOzWiL1fo0bu/FbuKpbc=
go.yaml.in/yaml/v3 v3.0.4/go.mod h1:DhzuOOF2ATzADvBadXxruRBLzYTpT36CKvDb3+aBEFg=
go.yaml.in/yaml/v4 v4.0.0-rc.4 h1:UP4+v6fFrBIb1l934bDl//mmnoIZEDK0idg1+AIvX5U=
go.yaml.in/yaml/v4 v4.0.0-rc.4/go.mod h1:aZqd9kCMsGL7AuUv/m/PvWLdg5sjJsZ4oHDEnfPPfY0=
golang.org/x/sync v0.20.0 h1:e0PTpb7pjO8GAtTs2dQ6jYa5BWYlMuX047Dco/pItO4=
golang.org/x/sync v0.20.0/go.mod h1:9xrNwdLfx4jkKbNva9FpL6vEN7evnE43NNNJQ2LF3+0=
golang.org/x/sys v0.43.0 h1:Rlag2XtaFTxp19wS8MXlJwTvoh8ArU6ezoyFsMyCTNI=
golang.org/x/sys v0.43.0/go.mod h1:4GL1E5IUh+htKOUEOaiffhrAeqysfVGipDYzABqnCmw=
golang.org/x/text v0.37.0 h1:Cqjiwd9eSg8e0QAkyCaQTNHFIIzWtidPahFWR83rTrc=
golang.org/x/text v0.37.0/go.mod h1:a5sjxXGs9hsn/AJVwuElvCAo9v8QYLzvavO5z2PiM38=
gopkg.in/check.v1 v0.0.0-20161208181325-20d25e280405/go.mod h1:Co6ibVJAznAaIkqp8huTwlJQCZ016jof/cbN4VW5Yz0=
gopkg.in/check.v1 v1.0.0-20201130134442-10cb98267c6c h1:Hei/4ADfdWqJk1ZMxUNpqntNwaWcugrBjAiHlqqRiVk=
gopkg.in/check.v1 v1.0.0-20201130134442-10cb98267c6c/go.mod h1:JHkPIbrfpd72SG/EVd6muEfDQjcINNoR0C8j2r3qZ4Q=
gopkg.in/yaml.v3 v3.0.1 h1:fxVm/GzAzEWqLHuvctI91KS9hhNmmWOoWu0XTYJS7CA=
gopkg.in/yaml.v3 v3.0.1/go.mod h1:K4uyk7z7BCEPqu6E+C64Yfv1cQ7kz7rIZviUmN+EgEM=
ocm.software/open-component-model/bindings/go/blob v0.0.13 h1:hLM+KUV9QbLVC5rQvCFwPiQLkjuNLjrtVdZc4A8mGZA=
ocm.software/open-component-model/bindings/go/blob v0.0.13/go.mod h1:nJqz2QmNoODFNFGDtd4d577RQ+vvlLI1u9G2O1sRmNc=
ocm.software/open-component-model/bindings/go/configuration v0.0.14 h1:+Rbgg9sy68Grf1xVmJwDQazhUd8kCxCYJrE+u8DlHUY=
ocm.software/open-component-model/bindings/go/configuration v0.0.14/go.mod h1:UF5HzB5QbNap6oHx0/ul7FRPSMSl0dyobMV3vhYQGZc=
ocm.software/open-component-model/bindings/go/constructor v0.0.10 h1:Gi53AHmUlmJEtkPFAijsDXEH2tIahDbgdi22eGfVaL4=
ocm.software/open-component-model/bindings/go/constructor v0.0.10/go.mod h1:wJW+RT/R4URdCcT5y7TfjCtPbYTCG9uGVpaQePch9aU=
ocm.software/open-component-model/bindings/go/credentials v0.0.13 h1:6jyyeZAJA1PHZYtrqjS9h7AnbVBSd1NozUYKxYGncjA=
ocm.software/open-component-model/bindings/go/credentials v0.0.13/go.mod h1:h8tZ4xnr3mKpe5vSZTkIGjxRKGiVDr6jOLFuZhMoAeM=
ocm.software/open-component-model/bindings/go/ctf v0.4.0 h1:E2kDGJk/ZR2wMK6fk3yFr2Uv6AhfLdMmvdvQ7Y64/2s=
ocm.software/open-component-model/bindings/go/ctf v0.4.0/go.mod h1:XaVTQK/STJ64pq8vClsT+onD0kEs7P+Wzsq1k2tp9h4=
ocm.software/open-component-model/bindings/go/dag v0.0.6 h1:To76QJAmFD88C101oB/HgYvtomp8mm0270ewDLcVncw=
ocm.software/open-component-model/bindings/go/dag v0.0.6/go.mod h1:mQbO95zYvX59VXNJGer4+wGsKY0BVI4FKwlR5BlPugM=
ocm.software/open-component-model/bindings/go/descriptor/normalisation v0.0.0-20260610112036-de724a6601de h1:6z3bSEQykJ/EoCXxT89r459jv4Mz49RULiSF8XB9VUs=
ocm.software/open-component-model/bindings/go/descriptor/normalisation v0.0.0-20260610112036-de724a6601de/go.mod h1:+whBle6mTxxmUJzHh+ed8DpKdjvps4tj9bMH9/G1sQg=
ocm.software/open-component-model/bindings/go/descriptor/runtime v0.0.0-20260610112036-de724a6601de h1:QslkWtMQpyjLLgtexgzuQXMGN1Fayw8AxaxSZRIjbO4=
ocm.software/open-component-model/bindings/go/descriptor/runtime v0.0.0-20260610112036-de724a6601de/go.mod h1:kUUyjRQtEtNmWwtHteEfYi7AHH+slD9YuVSkUfYU5GY=
ocm.software/open-component-model/bindings/go/descriptor/v2 v2.0.3-alpha3 h1:bTb7LgRFAAuhr5FGkkBVStU4YLtFZz3uhO9V4VFhW64=
ocm.software/open-component-model/bindings/go/descriptor/v2 v2.0.3-alpha3/go.mod h1:miNDxmNWsrYI9f3QNZIOBrK6jVmWnyFj0Z/ZGFjR5Qk=
ocm.software/open-component-model/bindings/go/oci v0.0.45 h1:9cENui1vjxOCUI1nelsy8F8ItOyryV35ePJT0OwXLi8=
ocm.software/open-component-model/bindings/go/oci v0.0.45/go.mod h1:71rWEKjpFaD0QY7aiPIgUjMkejF/05vBg1ZilRhakUI=
ocm.software/open-component-model/bindings/go/repository v0.0.9 h1:j6WmumbeN+m19oQ1ViZ8cWSjbpIAv+9kJhIyUSmsHL0=
ocm.software/open-component-model/bindings/go/repository v0.0.9/go.mod h1:JI1KAOCG020KJe1C0gESAsOUuwp+Obg4UCQyUg2ncAo=
ocm.software/open-component-model/bindings/go/runtime v0.0.8 h1:NIN8smq0Fs64N10UCSx7RrysIB/u8ukVF/GeT76uQRE=
ocm.software/open-component-model/bindings/go/runtime v0.0.8/go.mod h1:sRm+ybi9yjJGAgMSUHr0xdaSobsmeU8DWGP4Xonaso8=
ocm.software/open-component-model/bindings/go/signing v0.0.0-20260610112036-de724a6601de h1:pvzJ689n3IaNuF/GbcVkwU4aaG0bsUzUvCiUrezxduE=
ocm.software/open-component-model/bindings/go/signing v0.0.0-20260610112036-de724a6601de/go.mod h1:h0L962/3FgElLHZ1DII3we6iv+MazhccTz7wozAeMz8=
oras.land/oras-go/v2 v2.6.0 h1:X4ELRsiGkrbeox69+9tzTu492FMUu7zJQW6eJU+I2oc=
oras.land/oras-go/v2 v2.6.0/go.mod h1:magiQDfG6H1O9APp+rOsvCPcW1GD2MM7vgnKY0Y+u1o=
sigs.k8s.io/yaml v1.6.0 h1:G8fkbMSAFqgEFgh4b1wmtzDnioxFCUgTZhlbj5P9QYs=
sigs.k8s.io/yaml v1.6.0/go.mod h1:796bPqUfzR/0jLAl6XjHl3Ck7MiyVv8dbTdyT3/pMf4=
