github.com/Masterminds/semver/v3 v3.5.0 h1:kQceYJfbupGfZOKZQg0kou0DgAKhzDg2NZPAwZ/2OOE=
github.com/Masterminds/semver/v3 v3.5.0/go.mod h1:4V+yj/TJE1HU9XfppCwVMZq3I84lprf4nC11bSS5beM=
github.com/cyberphone/json-canonicalization v0.0.0-20241213102144-19d51d7fe467 h1:uX1JmpONuD549D73r6cgnxyUu18Zb7yHAy5AYU0Pm4Q=
github.com/cyberphone/json-canonicalization v0.0.0-20241213102144-19d51d7fe467/go.mod h1:uzvlm1mxhHkdfqitSA92i7Se+S9ksOn3a3qmv/kyOCw=
github.com/davecgh/go-spew v1.1.2-0.20180830191138-d8f796af33cc h1:U9qPSI2PIWSS1VwoXQT9A3Wy9MM3WgvqSxFWenqJduM=
github.com/davecgh/go-spew v1.1.2-0.20180830191138-d8f796af33cc/go.mod h1:J7Y8YcW2NihsgmVo/mv3lAwl/skON4iLHjSsI+c5H38=
github.com/dlclark/regexp2 v1.11.5 h1:Q/sSnsKerHeCkc/jSTNq1oCm7KiVgUMZRDUoRu0JQZQ=
github.com/dlclark/regexp2 v1.11.5/go.mod h1:DHkYz0B9wPfa6wondMfaivmHpzrQ3v9q8cnmRbL6yW8=
github.com/dlclark/regexp2 v1.12.0 h1:0j4c5qQmnC6XOWNjP3PIXURXN2gWx76rd3KvgdPkCz8=
github.com/google/go-cmp v0.7.0 h1:wk8382ETsv4JYUZwIsn6YpYiWiBsYLSJiTsyBybVuN8=
github.com/google/go-cmp v0.7.0/go.mod h1:pXiqmnSA92OHEEa9HXL2W4E7lf9JzCmGVUdgjX3N/iU=
github.com/kr/pretty v0.3.1 h1:flRD4NNwYAUpkphVc1HcthR4KEIFJ65n8Mw5qdRn3LE=
github.com/kr/pretty v0.3.1/go.mod h1:hoEshYVHaxMs3cyo3Yncou5ZscifuDolrwPKZanG3xk=
github.com/kr/text v0.2.0 h1:5Nx0Ya0ZqY2ygV366QzturHI13Jq95ApcVaJBhpS+AY=
github.com/kr/text v0.2.0/go.mod h1:eLer722TekiGuMkidMxC/pM04lWEeraHUUmBw8l2grE=
github.com/pmezard/go-difflib v1.0.1-0.20181226105442-5d4384ee4fb2 h1:Jamvg5psRIccs7FGNTlIRMkT8wgtp5eCXdBlqhYGL6U=
github.com/pmezard/go-difflib v1.0.1-0.20181226105442-5d4384ee4fb2/go.mod h1:iKH77koFhYxTK1pcRnkKkqfTogsbg7gZNVY4sRDYZ/4=
github.com/rogpeppe/go-internal v1.14.1 h1:UQB4HGPB6osV0SQTLymcB4TgvyWu6ZyliaW0tI/otEQ=
github.com/rogpeppe/go-internal v1.14.1/go.mod h1:MaRKkUm5W0goXpeCfT7UZI6fk/L7L7so1lCWt35ZSgc=
github.com/santhosh-tekuri/jsonschema/v6 v6.0.2 h1:KRzFb2m7YtdldCEkzs6KqmJw4nqEVZGK7IN2kJkjTuQ=
github.com/santhosh-tekuri/jsonschema/v6 v6.0.2/go.mod h1:JXeL+ps8p7/KNMjDQk3TCwPpBy0wYklyWTfbkIzdIFU=
github.com/stretchr/testify v1.11.1 h1:7s2iGBzp5EwR7/aIZr8ao5+dra3wiQyKjjFuvgVKu7U=
github.com/stretchr/testify v1.11.1/go.mod h1:wZwfW3scLgRK+23gO65QZefKpKQRnfz6sD981Nm4B6U=
go.yaml.in/yaml/v2 v2.4.4 h1:tuyd0P+2Ont/d6e2rl3be67goVK4R6deVxCUX5vyPaQ=
go.yaml.in/yaml/v2 v2.4.4/go.mod h1:gMZqIpDtDqOfM0uNfy0SkpRhvUryYH0Z6wdMYcacYXQ=
go.yaml.in/yaml/v3 v3.0.4 h1:tfq32ie2Jv2UxXFdLJdh3jXuOzWiL1fo0bu/FbuKpbc=
go.yaml.in/yaml/v3 v3.0.4/go.mod h1:DhzuOOF2ATzADvBadXxruRBLzYTpT36CKvDb3+aBEFg=
golang.org/x/text v0.36.0 h1:JfKh3XmcRPqZPKevfXVpI1wXPTqbkE5f7JA92a55Yxg=
golang.org/x/text v0.36.0/go.mod h1:NIdBknypM8iqVmPiuco0Dh6P5Jcdk8lJL0CUebqK164=
gopkg.in/check.v1 v0.0.0-20161208181325-20d25e280405/go.mod h1:Co6ibVJAznAaIkqp8huTwlJQCZ016jof/cbN4VW5Yz0=
gopkg.in/check.v1 v1.0.0-20201130134442-10cb98267c6c h1:Hei/4ADfdWqJk1ZMxUNpqntNwaWcugrBjAiHlqqRiVk=
gopkg.in/check.v1 v1.0.0-20201130134442-10cb98267c6c/go.mod h1:JHkPIbrfpd72SG/EVd6muEfDQjcINNoR0C8j2r3qZ4Q=
gopkg.in/yaml.v3 v3.0.1 h1:fxVm/GzAzEWqLHuvctI91KS9hhNmmWOoWu0XTYJS7CA=
gopkg.in/yaml.v3 v3.0.1/go.mod h1:K4uyk7z7BCEPqu6E+C64Yfv1cQ7kz7rIZviUmN+EgEM=
ocm.software/open-component-model/bindings/go/configuration v0.0.13 h1:fARaCEkyBvuZ8/3nUDMb0LZF3YuohBbJXCTkOqqUmkw=
ocm.software/open-component-model/bindings/go/configuration v0.0.13/go.mod h1:B8rEZoPPL4bAYhsi5I4IZJ8EJSOwMupd95Lw/N0TBRA=
ocm.software/open-component-model/bindings/go/credentials v0.0.12 h1:GMedcclw/Nu7G8EJREIdXmAk/78j9xAQAIlRpd8QQO4=
ocm.software/open-component-model/bindings/go/credentials v0.0.12/go.mod h1:XH9GR0kG2p5iaqBAAxTE1rX0fBE86Q2hCD7QodWRTpc=
ocm.software/open-component-model/bindings/go/dag v0.0.6 h1:To76QJAmFD88C101oB/HgYvtomp8mm0270ewDLcVncw=
ocm.software/open-component-model/bindings/go/dag v0.0.6/go.mod h1:mQbO95zYvX59VXNJGer4+wGsKY0BVI4FKwlR5BlPugM=
ocm.software/open-component-model/bindings/go/descriptor/normalisation v0.0.0-20260401155312-e2b46f9fb25c h1:iDzRcVtoHK2I+qCrFMIuYerCTo+ZzKwaembyjFxhgHU=
ocm.software/open-component-model/bindings/go/descriptor/normalisation v0.0.0-20260401155312-e2b46f9fb25c/go.mod h1:k4yAG8H130gFrttu042uVA67bA4rUhXMJ3GqXreUYYo=
ocm.software/open-component-model/bindings/go/descriptor/normalisation v0.0.0-20260505072254-1c17fcd5c971 h1:eneo8EK6iMOlOkCQm2MyQt3HdbJiAYbQprHWhReUcPk=
ocm.software/open-component-model/bindings/go/descriptor/normalisation v0.0.0-20260505072254-1c17fcd5c971/go.mod h1:el5+4tueZKtTJ9NNi0/vCUQYqEsa5IxqQg/4mkIEsBw=
ocm.software/open-component-model/bindings/go/descriptor/runtime v0.0.0-20260402061016-e120070fd921 h1:ufRK1/uZoVJMChLPygdBEhs0z27H2qRbYMTgefADkCE=
ocm.software/open-component-model/bindings/go/descriptor/runtime v0.0.0-20260402061016-e120070fd921/go.mod h1:uET6F54antG7z/nBtrzIHkZZCAjbkbg255UG3GrZwf8=
ocm.software/open-component-model/bindings/go/descriptor/runtime v0.0.0-20260505072254-1c17fcd5c971 h1:p9A3ZC0MhFHwbFpVAR6H9V7YLE/K2/b1DLa4UGPxUtI=
ocm.software/open-component-model/bindings/go/descriptor/runtime v0.0.0-20260505072254-1c17fcd5c971/go.mod h1:/ZlJQBr8OjOhgwyw/lz8GW6SIYifCsBRydw6ETGPoAU=
ocm.software/open-component-model/bindings/go/descriptor/runtime v0.0.0-20260520144124-c7e5118f86a6 h1:UTUsqDE5IEEI5LQqGhT5b6MCVI3WY60E1TPr0n8Pto4=
ocm.software/open-component-model/bindings/go/descriptor/runtime v0.0.0-20260520144124-c7e5118f86a6/go.mod h1:G5VdmYc8WtgagXYmmnXGS3Zo8Y700XYZgtC/lKWyssc=
ocm.software/open-component-model/bindings/go/descriptor/v2 v2.0.1-alpha9 h1:SdQm6w7Lj0g+d+MaNXQQkpKUqOhFwUSzoUjzRyeKL0I=
ocm.software/open-component-model/bindings/go/descriptor/v2 v2.0.1-alpha9/go.mod h1:5ES8RkuCdrbqiG56WJE40qhFoC4QHAQn8BasL5aKlvM=
ocm.software/open-component-model/bindings/go/descriptor/v2 v2.0.3-alpha3 h1:bTb7LgRFAAuhr5FGkkBVStU4YLtFZz3uhO9V4VFhW64=
ocm.software/open-component-model/bindings/go/descriptor/v2 v2.0.3-alpha3/go.mod h1:miNDxmNWsrYI9f3QNZIOBrK6jVmWnyFj0Z/ZGFjR5Qk=
ocm.software/open-component-model/bindings/go/runtime v0.0.7 h1:/4RDxVVubr6IC+ZKNAseDl4CoTwweIx0LYmCiNgkQYU=
ocm.software/open-component-model/bindings/go/runtime v0.0.7/go.mod h1:hbas6Al4VECYKFk51SLIi8zdzhFgZ2WvFpPljatbJHo=
ocm.software/open-component-model/bindings/go/runtime v0.0.8 h1:NIN8smq0Fs64N10UCSx7RrysIB/u8ukVF/GeT76uQRE=
ocm.software/open-component-model/bindings/go/runtime v0.0.8/go.mod h1:sRm+ybi9yjJGAgMSUHr0xdaSobsmeU8DWGP4Xonaso8=
ocm.software/open-component-model/bindings/go/signing v0.0.0-20260402061016-e120070fd921 h1:Kb/PgPbGNTEwY5sNwMKdhXSRN8Kp36e92p4d2+q29JU=
ocm.software/open-component-model/bindings/go/signing v0.0.0-20260402061016-e120070fd921/go.mod h1:BDV3mY+FWwq/KgcjkFge0jY88RY6bzdv2ZDtiSiLaK8=
ocm.software/open-component-model/bindings/go/signing v0.0.0-20260520144124-c7e5118f86a6 h1:8FvVbti7VsXFWyR656t0PF8B0o2mcOr3QmbMqLzfXqg=
ocm.software/open-component-model/bindings/go/signing v0.0.0-20260520144124-c7e5118f86a6/go.mod h1:57rcB3XqAvHc76Xccb1rr2y7io9D9sDGL+05fnuv144=
sigs.k8s.io/yaml v1.6.0 h1:G8fkbMSAFqgEFgh4b1wmtzDnioxFCUgTZhlbj5P9QYs=
sigs.k8s.io/yaml v1.6.0/go.mod h1:796bPqUfzR/0jLAl6XjHl3Ck7MiyVv8dbTdyT3/pMf4=
